{
  "name": "players",
  "lockfileVersion": 2,
  "requires": true,
  "packages": {
    "": {
      "dependencies": {
        "core-js": "^2.5.0",
        "rxjs-compat": "^6.6.7"
      }
    },
    "node_modules/core-js": {
      "version": "2.5.0",
      "resolved": "https://registry.npmjs.org/core-js/-/core-js-2.5.0.tgz",
      "integrity": "sha512-mAPLSnIVZAwVEf8OZtnNcF2BL1d6DHV3EvIWj46UDBYNAqLxx7mLLpQxe8/1vtrkzt1KIyjmOqOG3pa+bZf7Fw==",
      "deprecated": "core-js@<3.23.3 is no longer maintained and not recommended for usage due to the number of issues. Because of the V8 engine whims, feature detection in old core-js versions could cause a slowdown up to 100x even if nothing is polyfilled. Some versions have web compatibility issues. Please, upgrade your dependencies to the actual version of core-js."
    },
    "node_modules/rxjs-compat": {
      "version": "6.6.7",
      "resolved": "https://registry.npmjs.org/rxjs-compat/-/rxjs-compat-6.6.7.tgz",
      "integrity": "sha512-szN4fK+TqBPOFBcBcsR0g2cmTTUF/vaFEOZNuSdfU8/pGFnNmmn2u8SystYXG1QMrjOPBc6XTKHMVfENDf6hHw=="
    }
  },
  "dependencies": {
    "core-js": {
      "version": "2.5.0",
      "resolved": "https://registry.npmjs.org/core-js/-/core-js-2.5.0.tgz",
      "integrity": "sha512-mAPLSnIVZAwVEf8OZtnNcF2BL1d6DHV3EvIWj46UDBYNAqLxx7mLLpQxe8/1vtrkzt1KIyjmOqOG3pa+bZf7Fw=="
    },
    "rxjs-compat": {
      "version": "6.6.7",
      "resolved": "https://registry.npmjs.org/rxjs-compat/-/rxjs-compat-6.6.7.tgz",
      "integrity": "sha512-szN4fK+TqBPOFBcBcsR0g2cmTTUF/vaFEOZNuSdfU8/pGFnNmmn2u8SystYXG1QMrjOPBc6XTKHMVfENDf6hHw=="
    }
  }
}
